github.com/go-playground/assert v1.2.1 h1:ad06XqC+TOv0nJWnbULSlh3ehp5uLuQEojZY5Tq8RgI=
github.com/go-playground/assert v1.2.1/go.mod h1:Lgy+k19nOB/wQG/fVSQ7rra5qYugmytMQqvQ2dgjWn8=
github.com/go-playground/assert/v2 v2.0.1 h1:MsBgLAaY856+nPRTKrp3/OZK38U/wa0CcBYNjji3q3A=
github.com/go-playground/assert/v2 v2.0.1/go.mod h1:VDjEfimB/XKnb+ZQfWdccd7VUvScMdVu0Titje2rxJ4=
github.com/go-playground/form/v4 v4.0.0 h1:vUKi2K1Hqlc4rpBc0tCclgs9zSfbY5yMKsL106db/eY=
github.com/go-playground/form/v4 v4.0.0/go.mod h1:bodWfd97U9PVMZFcDsbVzSbQQTtaWrebnTwQtWjSW1M=
github.com/go-playground/form/v4 v4.1.1 h1:1T9lGt3WRHuDwT5uwx7RYQZfxVwWZhF0DC1ovKyNnWY=
github.com/go-playground/form/v4 v4.1.1/go.mod h1:q1a2BY+AQUUzhl6xA/6hBetay6dEIhMHjgvJiGo6K7U=
github.com/go-playground/pkg v1.0.1 h1:EsBCgjDTrlaLCflFChT2Q/M4unQQS6DnBDvHTA+fVAI=
github.com/go-playground/pkg v1.0.1/go.mod h1:P1pn/auRkxPy9n7eXlvyyJpBIvxdH6ZUtHOGOLfBaBA=
github.com/go-playground/pkg/v4 v4.0.0 h1:0lTr9H8RyCwom4TcfNhMCNvlTlFuin7uUlXcZQuxrA4=
github.com/go-playground/pkg/v4 v4.0.0/go.mod h1:TLowM3d3a/m04JlHK/zM6Ia8zf8+0C/9pTwhDEUqKO0=
github.com/go-playground/pkg/v5 v5.1.0 h1:odCGeJgAQFjoU8eMfT0jjqeMoa4KspymUIq+vi5NpEk=
github.com/go-playground/pkg/v5 v5.1.0/go.mod h1:0380E0lsFB1POWFypOLL8tX2f0O1OBCBpSdVmEy4mg0=
